
Microsoft Visual Studio Solution File, Format Version 12.00
# Visual Studio Version 16
VisualStudioVersion = 16.0.31624.102
MinimumVisualStudioVersion = 10.0.40219.1
Project("{FAE04EC0-301F-11D3-BF4B-00C04F79EFBC}") = "Hangman", "Hangman\Hangman.csproj", "{497653D6-725B-4AF9-97AC-1E999C909AB1}"
EndProject
Global
	GlobalSection(SolutionConfigurationPlatforms) = preSolution
		Debug|Any CPU = Debug|Any CPU
		Release|Any CPU = Release|Any CPU
	EndGlobalSection
	GlobalSection(ProjectConfigurationPlatforms) = postSolution
		{497653D6-725B-4AF9-97AC-1E999C909AB1}.Debug|Any CPU.ActiveCfg = Debug|Any CPU
		{497653D6-725B-4AF9-97AC-1E999C909AB1}.Debug|Any CPU.Build.0 = Debug|Any CPU
		{497653D6-725B-4AF9-97AC-1E999C909AB1}.Release|Any CPU.ActiveCfg = Release|Any CPU
		{497653D6-725B-4AF9-97AC-1E999C909AB1}.Release|Any CPU.Build.0 = Release|Any CPU
	EndGlobalSection
	GlobalSection(SolutionProperties) = preSolution
		HideSolutionNode = FALSE
	EndGlobalSection
	GlobalSection(ExtensibilityGlobals) = postSolution
		SolutionGuid = {5CC06D12-E05C-4752-82C1-25E6B07E0F39}
	EndGlobalSection
EndGlobal
